
Microsoft Visual Studio Solution File, Format Version 12.00
# Visual Studio Version 17
VisualStudioVersion = 17.0.31903.59
MinimumVisualStudioVersion = 10.0.40219.1
Project("{FAE04EC0-301F-11D3-BF4B-00C04F79EFBC}") = "restfulapidev-integration-tests", "integrationTests\restfulapidev-integration-tests.csproj", "{3ECCF6CD-7DDF-48E9-985E-4AE2ABD5A37D}"
EndProject
Global
	GlobalSection(SolutionConfigurationPlatforms) = preSolution
		Debug|Any CPU = Debug|Any CPU
		Release|Any CPU = Release|Any CPU
	EndGlobalSection
	GlobalSection(ProjectConfigurationPlatforms) = postSolution
		{37BE26DD-D2B1-4843-BB77-8AF284ED30F8}.Debug|Any CPU.ActiveCfg = Debug|Any CPU
		{37BE26DD-D2B1-4843-BB77-8AF284ED30F8}.Debug|Any CPU.Build.0 = Debug|Any CPU
		{37BE26DD-D2B1-4843-BB77-8AF284ED30F8}.Release|Any CPU.ActiveCfg = Release|Any CPU
		{37BE26DD-D2B1-4843-BB77-8AF284ED30F8}.Release|Any CPU.Build.0 = Release|Any CPU
	EndGlobalSection
	GlobalSection(SolutionProperties) = preSolution
		HideSolutionNode = FALSE
	EndGlobalSection
EndGlobal
